
Microsoft Visual Studio Solution File, Format Version 12.00
# Visual Studio Version 17
VisualStudioVersion = 17.5.002.0
MinimumVisualStudioVersion = 10.0.40219.1
Project("{2150E333-8FDC-42A3-9474-1A3956D46DE8}") = "week05", "week05", "{DDF9458F-FB9C-43A0-8611-2276847B0DF2}"
EndProject
Project("{9A19103F-16F7-4668-BE54-9A1E7A4F7556}") = "code", "week05\code\code.csproj", "{FDCD8A8E-83AE-4435-8DA7-B9C4934348EF}"
EndProject
Project("{2150E333-8FDC-42A3-9474-1A3956D46DE8}") = "week06", "week06", "{C0A7D169-9FC2-443C-841F-ED489C4F4AEE}"
EndProject
Project("{9A19103F-16F7-4668-BE54-9A1E7A4F7556}") = "code", "week06\code\code.csproj", "{9CB88F5E-FDE2-4681-9A91-6C59E041FCF6}"
EndProject
Project("{2150E333-8FDC-42A3-9474-1A3956D46DE8}") = "week04", "week04", "{9F391458-6B66-4AF5-B5B4-FE96294F10CC}"
EndProject
Project("{9A19103F-16F7-4668-BE54-9A1E7A4F7556}") = "code", "week04\code\code.csproj", "{C0D27D82-E10A-4815-A429-92C9C44D1385}"
EndProject
Project("{2150E333-8FDC-42A3-9474-1A3956D46DE8}") = "sandbox", "sandbox", "{789CD51D-8F5E-492D-94DB-2124F6EE7C31}"
EndProject
Project("{9A19103F-16F7-4668-BE54-9A1E7A4F7556}") = "sandbox_project", "sandbox\sandbox_project\sandbox_project.csproj", "{BDDA97E9-8C5B-420B-BBF4-8D78110BC777}"
EndProject
Project("{2150E333-8FDC-42A3-9474-1A3956D46DE8}") = "week03", "week03", "{CE576814-A9E2-4B5E-BFC1-0F9A95404B52}"
EndProject
Project("{9A19103F-16F7-4668-BE54-9A1E7A4F7556}") = "learn", "week03\learn\learn.csproj", "{EBBA5335-91C8-4002-B19F-5A9E6FF0EA77}"
EndProject
Project("{9A19103F-16F7-4668-BE54-9A1E7A4F7556}") = "code", "week03\code\code.csproj", "{45196CAC-2706-4BF3-9377-4F704F9D30E5}"
EndProject
Project("{9A19103F-16F7-4668-BE54-9A1E7A4F7556}") = "teach", "week03\teach\teach.csproj", "{8BE526B3-5C62-4BA0-AB9D-DC7F48E04F4D}"
EndProject
Project("{2150E333-8FDC-42A3-9474-1A3956D46DE8}") = "week02", "week02", "{C0110A33-62BB-4662-92CE-E52D4FC13C75}"
EndProject
Project("{9A19103F-16F7-4668-BE54-9A1E7A4F7556}") = "learn", "week02\learn\learn.csproj", "{A65A1D38-7713-40CD-92F3-213F65C7846A}"
EndProject
Project("{9A19103F-16F7-4668-BE54-9A1E7A4F7556}") = "analyze", "week02\analyze\analyze.csproj", "{3E7942C9-2AAB-46AC-B5E5-DF0F848B13FD}"
EndProject
Project("{9A19103F-16F7-4668-BE54-9A1E7A4F7556}") = "code", "week02\code\code.csproj", "{C52F1AB3-2022-4024-8A82-C9DE680E6269}"
EndProject
Project("{9A19103F-16F7-4668-BE54-9A1E7A4F7556}") = "teach", "week02\teach\teach.csproj", "{CD4C3B4F-DC5B-4B0F-9E0A-B71037830890}"
EndProject
Project("{2150E333-8FDC-42A3-9474-1A3956D46DE8}") = "week01", "week01", "{1A5AA206-7044-4F61-A2B3-7D4DA783C10E}"
EndProject
Project("{9A19103F-16F7-4668-BE54-9A1E7A4F7556}") = "analyze", "week01\analyze\analyze.csproj", "{92DC123F-8C19-4753-BDE7-76A9A5C19F6D}"
EndProject
Project("{9A19103F-16F7-4668-BE54-9A1E7A4F7556}") = "code", "week01\code\code.csproj", "{5091954C-2038-430D-88BF-D31321F87302}"
EndProject
Project("{9A19103F-16F7-4668-BE54-9A1E7A4F7556}") = "teach", "week01\teach\teach.csproj", "{C85952F3-B491-4FAB-B411-E2AE48325939}"
EndProject
Global
	GlobalSection(SolutionConfigurationPlatforms) = preSolution
		Debug|Any CPU = Debug|Any CPU
		Release|Any CPU = Release|Any CPU
	EndGlobalSection
	GlobalSection(ProjectConfigurationPlatforms) = postSolution
		{FDCD8A8E-83AE-4435-8DA7-B9C4934348EF}.Debug|Any CPU.ActiveCfg = Debug|Any CPU
		{FDCD8A8E-83AE-4435-8DA7-B9C4934348EF}.Debug|Any CPU.Build.0 = Debug|Any CPU
		{FDCD8A8E-83AE-4435-8DA7-B9C4934348EF}.Release|Any CPU.ActiveCfg = Release|Any CPU
		{FDCD8A8E-83AE-4435-8DA7-B9C4934348EF}.Release|Any CPU.Build.0 = Release|Any CPU
		{9CB88F5E-FDE2-4681-9A91-6C59E041FCF6}.Debug|Any CPU.ActiveCfg = Debug|Any CPU
		{9CB88F5E-FDE2-4681-9A91-6C59E041FCF6}.Debug|Any CPU.Build.0 = Debug|Any CPU
		{9CB88F5E-FDE2-4681-9A91-6C59E041FCF6}.Release|Any CPU.ActiveCfg = Release|Any CPU
		{9CB88F5E-FDE2-4681-9A91-6C59E041FCF6}.Release|Any CPU.Build.0 = Release|Any CPU
		{C0D27D82-E10A-4815-A429-92C9C44D1385}.Debug|Any CPU.ActiveCfg = Debug|Any CPU
		{C0D27D82-E10A-4815-A429-92C9C44D1385}.Debug|Any CPU.Build.0 = Debug|Any CPU
		{C0D27D82-E10A-4815-A429-92C9C44D1385}.Release|Any CPU.ActiveCfg = Release|Any CPU
		{C0D27D82-E10A-4815-A429-92C9C44D1385}.Release|Any CPU.Build.0 = Release|Any CPU
		{BDDA97E9-8C5B-420B-BBF4-8D78110BC777}.Debug|Any CPU.ActiveCfg = Debug|Any CPU
		{BDDA97E9-8C5B-420B-BBF4-8D78110BC777}.Debug|Any CPU.Build.0 = Debug|Any CPU
		{BDDA97E9-8C5B-420B-BBF4-8D78110BC777}.Release|Any CPU.ActiveCfg = Release|Any CPU
		{BDDA97E9-8C5B-420B-BBF4-8D78110BC777}.Release|Any CPU.Build.0 = Release|Any CPU
		{EBBA5335-91C8-4002-B19F-5A9E6FF0EA77}.Debug|Any CPU.ActiveCfg = Debug|Any CPU
		{EBBA5335-91C8-4002-B19F-5A9E6FF0EA77}.Debug|Any CPU.Build.0 = Debug|Any CPU
		{EBBA5335-91C8-4002-B19F-5A9E6FF0EA77}.Release|Any CPU.ActiveCfg = Release|Any CPU
		{EBBA5335-91C8-4002-B19F-5A9E6FF0EA77}.Release|Any CPU.Build.0 = Release|Any CPU
		{45196CAC-2706-4BF3-9377-4F704F9D30E5}.Debug|Any CPU.ActiveCfg = Debug|Any CPU
		{45196CAC-2706-4BF3-9377-4F704F9D30E5}.Debug|Any CPU.Build.0 = Debug|Any CPU
		{45196CAC-2706-4BF3-9377-4F704F9D30E5}.Release|Any CPU.ActiveCfg = Release|Any CPU
		{45196CAC-2706-4BF3-9377-4F704F9D30E5}.Release|Any CPU.Build.0 = Release|Any CPU
		{8BE526B3-5C62-4BA0-AB9D-DC7F48E04F4D}.Debug|Any CPU.ActiveCfg = Debug|Any CPU
		{8BE526B3-5C62-4BA0-AB9D-DC7F48E04F4D}.Debug|Any CPU.Build.0 = Debug|Any CPU
		{8BE526B3-5C62-4BA0-AB9D-DC7F48E04F4D}.Release|Any CPU.ActiveCfg = Release|Any CPU
		{8BE526B3-5C62-4BA0-AB9D-DC7F48E04F4D}.Release|Any CPU.Build.0 = Release|Any CPU
		{A65A1D38-7713-40CD-92F3-213F65C7846A}.Debug|Any CPU.ActiveCfg = Debug|Any CPU
		{A65A1D38-7713-40CD-92F3-213F65C7846A}.Debug|Any CPU.Build.0 = Debug|Any CPU
		{A65A1D38-7713-40CD-92F3-213F65C7846A}.Release|Any CPU.ActiveCfg = Release|Any CPU
		{A65A1D38-7713-40CD-92F3-213F65C7846A}.Release|Any CPU.Build.0 = Release|Any CPU
		{3E7942C9-2AAB-46AC-B5E5-DF0F848B13FD}.Debug|Any CPU.ActiveCfg = Debug|Any CPU
		{3E7942C9-2AAB-46AC-B5E5-DF0F848B13FD}.Debug|Any CPU.Build.0 = Debug|Any CPU
		{3E7942C9-2AAB-46AC-B5E5-DF0F848B13FD}.Release|Any CPU.ActiveCfg = Release|Any CPU
		{3E7942C9-2AAB-46AC-B5E5-DF0F848B13FD}.Release|Any CPU.Build.0 = Release|Any CPU
		{C52F1AB3-2022-4024-8A82-C9DE680E6269}.Debug|Any CPU.ActiveCfg = Debug|Any CPU
		{C52F1AB3-2022-4024-8A82-C9DE680E6269}.Debug|Any CPU.Build.0 = Debug|Any CPU
		{C52F1AB3-2022-4024-8A82-C9DE680E6269}.Release|Any CPU.ActiveCfg = Release|Any CPU
		{C52F1AB3-2022-4024-8A82-C9DE680E6269}.Release|Any CPU.Build.0 = Release|Any CPU
		{CD4C3B4F-DC5B-4B0F-9E0A-B71037830890}.Debug|Any CPU.ActiveCfg = Debug|Any CPU
		{CD4C3B4F-DC5B-4B0F-9E0A-B71037830890}.Debug|Any CPU.Build.0 = Debug|Any CPU
		{CD4C3B4F-DC5B-4B0F-9E0A-B71037830890}.Release|Any CPU.ActiveCfg = Release|Any CPU
		{CD4C3B4F-DC5B-4B0F-9E0A-B71037830890}.Release|Any CPU.Build.0 = Release|Any CPU
		{92DC123F-8C19-4753-BDE7-76A9A5C19F6D}.Debug|Any CPU.ActiveCfg = Debug|Any CPU
		{92DC123F-8C19-4753-BDE7-76A9A5C19F6D}.Debug|Any CPU.Build.0 = Debug|Any CPU
		{92DC123F-8C19-4753-BDE7-76A9A5C19F6D}.Release|Any CPU.ActiveCfg = Release|Any CPU
		{92DC123F-8C19-4753-BDE7-76A9A5C19F6D}.Release|Any CPU.Build.0 = Release|Any CPU
		{5091954C-2038-430D-88BF-D31321F87302}.Debug|Any CPU.ActiveCfg = Debug|Any CPU
		{5091954C-2038-430D-88BF-D31321F87302}.Debug|Any CPU.Build.0 = Debug|Any CPU
		{5091954C-2038-430D-88BF-D31321F87302}.Release|Any CPU.ActiveCfg = Release|Any CPU
		{5091954C-2038-430D-88BF-D31321F87302}.Release|Any CPU.Build.0 = Release|Any CPU
		{C85952F3-B491-4FAB-B411-E2AE48325939}.Debug|Any CPU.ActiveCfg = Debug|Any CPU
		{C85952F3-B491-4FAB-B411-E2AE48325939}.Debug|Any CPU.Build.0 = Debug|Any CPU
		{C85952F3-B491-4FAB-B411-E2AE48325939}.Release|Any CPU.ActiveCfg = Release|Any CPU
		{C85952F3-B491-4FAB-B411-E2AE48325939}.Release|Any CPU.Build.0 = Release|Any CPU
	EndGlobalSection
	GlobalSection(SolutionProperties) = preSolution
		HideSolutionNode = FALSE
	EndGlobalSection
	GlobalSection(NestedProjects) = preSolution
		{FDCD8A8E-83AE-4435-8DA7-B9C4934348EF} = {DDF9458F-FB9C-43A0-8611-2276847B0DF2}
		{9CB88F5E-FDE2-4681-9A91-6C59E041FCF6} = {C0A7D169-9FC2-443C-841F-ED489C4F4AEE}
		{C0D27D82-E10A-4815-A429-92C9C44D1385} = {9F391458-6B66-4AF5-B5B4-FE96294F10CC}
		{BDDA97E9-8C5B-420B-BBF4-8D78110BC777} = {789CD51D-8F5E-492D-94DB-2124F6EE7C31}
		{EBBA5335-91C8-4002-B19F-5A9E6FF0EA77} = {CE576814-A9E2-4B5E-BFC1-0F9A95404B52}
		{45196CAC-2706-4BF3-9377-4F704F9D30E5} = {CE576814-A9E2-4B5E-BFC1-0F9A95404B52}
		{8BE526B3-5C62-4BA0-AB9D-DC7F48E04F4D} = {CE576814-A9E2-4B5E-BFC1-0F9A95404B52}
		{A65A1D38-7713-40CD-92F3-213F65C7846A} = {C0110A33-62BB-4662-92CE-E52D4FC13C75}
		{3E7942C9-2AAB-46AC-B5E5-DF0F848B13FD} = {C0110A33-62BB-4662-92CE-E52D4FC13C75}
		{C52F1AB3-2022-4024-8A82-C9DE680E6269} = {C0110A33-62BB-4662-92CE-E52D4FC13C75}
		{CD4C3B4F-DC5B-4B0F-9E0A-B71037830890} = {C0110A33-62BB-4662-92CE-E52D4FC13C75}
		{92DC123F-8C19-4753-BDE7-76A9A5C19F6D} = {1A5AA206-7044-4F61-A2B3-7D4DA783C10E}
		{5091954C-2038-430D-88BF-D31321F87302} = {1A5AA206-7044-4F61-A2B3-7D4DA783C10E}
		{C85952F3-B491-4FAB-B411-E2AE48325939} = {1A5AA206-7044-4F61-A2B3-7D4DA783C10E}
	EndGlobalSection
	GlobalSection(ExtensibilityGlobals) = postSolution
		SolutionGuid = {621F48F7-9D8D-40CE-AB8F-A10CABA6EDDB}
	EndGlobalSection
EndGlobal
